// !$*UTF8*$!
{
	archiveVersion = 1;
	classes = {
	};
	objectVersion = 46;
	objects = {

/* Begin PBXBuildFile section */
		14122A1C1E251EB700D5C5C5 /* StrapTableViewCell.swift in Sources */ = {isa = PBXBuildFile; fileRef = 14122A1B1E251EB700D5C5C5 /* StrapTableViewCell.swift */; };
		14A2C9771E24D3BD0079304D /* AppDelegate.swift in Sources */ = {isa = PBXBuildFile; fileRef = 14A2C9761E24D3BD0079304D /* AppDelegate.swift */; };
		14A2C9791E24D3BD0079304D /* ViewController.swift in Sources */ = {isa = PBXBuildFile; fileRef = 14A2C9781E24D3BD0079304D /* ViewController.swift */; };
		14A2C97C1E24D3BD0079304D /* Main.storyboard in Resources */ = {isa = PBXBuildFile; fileRef = 14A2C97A1E24D3BD0079304D /* Main.storyboard */; };
		14A2C97E1E24D3BD0079304D /* Assets.xcassets in Resources */ = {isa = PBXBuildFile; fileRef = 14A2C97D1E24D3BD0079304D /* Assets.xcassets */; };
		14A2C9811E24D3BD0079304D /* LaunchScreen.storyboard in Resources */ = {isa = PBXBuildFile; fileRef = 14A2C97F1E24D3BD0079304D /* LaunchScreen.storyboard */; };
		14A2C98A1E24D3F30079304D /* MicrosoftBandKit_iOS.framework in Frameworks */ = {isa = PBXBuildFile; fileRef = 14A2C9891E24D3F30079304D /* MicrosoftBandKit_iOS.framework */; };
		14A2C98D1E24D4920079304D /* CoreBluetooth.framework in Frameworks */ = {isa = PBXBuildFile; fileRef = 14A2C98C1E24D4920079304D /* CoreBluetooth.framework */; };
		14E88A441E26C62C009F37F8 /* StrappModel.swift in Sources */ = {isa = PBXBuildFile; fileRef = 14E88A431E26C62C009F37F8 /* StrappModel.swift */; };
		14E88A461E26CD14009F37F8 /* TileFabric.swift in Sources */ = {isa = PBXBuildFile; fileRef = 14E88A451E26CD14009F37F8 /* TileFabric.swift */; };
/* End PBXBuildFile section */

/* Begin PBXFileReference section */
		14122A1A1E250B3400D5C5C5 /* BridgingHeader.h */ = {isa = PBXFileReference; lastKnownFileType = sourcecode.c.h; path = BridgingHeader.h; sourceTree = "<group>"; };
		14122A1B1E251EB700D5C5C5 /* StrapTableViewCell.swift */ = {isa = PBXFileReference; fileEncoding = 4; lastKnownFileType = sourcecode.swift; path = StrapTableViewCell.swift; sourceTree = "<group>"; };
		14A2C9731E24D3BD0079304D /* MeasureMyTemperature.app */ = {isa = PBXFileReference; explicitFileType = wrapper.application; includeInIndex = 0; path = MeasureMyTemperature.app; sourceTree = BUILT_PRODUCTS_DIR; };
		14A2C9761E24D3BD0079304D /* AppDelegate.swift */ = {isa = PBXFileReference; lastKnownFileType = sourcecode.swift; path = AppDelegate.swift; sourceTree = "<group>"; };
		14A2C9781E24D3BD0079304D /* ViewController.swift */ = {isa = PBXFileReference; lastKnownFileType = sourcecode.swift; path = ViewController.swift; sourceTree = "<group>"; };
		14A2C97B1E24D3BD0079304D /* Base */ = {isa = PBXFileReference; lastKnownFileType = file.storyboard; name = Base; path = Base.lproj/Main.storyboard; sourceTree = "<group>"; };
		14A2C97D1E24D3BD0079304D /* Assets.xcassets */ = {isa = PBXFileReference; lastKnownFileType = folder.assetcatalog; path = Assets.xcassets; sourceTree = "<group>"; };
		14A2C9801E24D3BD0079304D /* Base */ = {isa = PBXFileReference; lastKnownFileType = file.storyboard; name = Base; path = Base.lproj/LaunchScreen.storyboard; sourceTree = "<group>"; };
		14A2C9821E24D3BD0079304D /* Info.plist */ = {isa = PBXFileReference; lastKnownFileType = text.plist.xml; path = Info.plist; sourceTree = "<group>"; };
		14A2C9891E24D3F30079304D /* MicrosoftBandKit_iOS.framework */ = {isa = PBXFileReference; lastKnownFileType = wrapper.framework; path = MicrosoftBandKit_iOS.framework; sourceTree = "<group>"; };
		14A2C98C1E24D4920079304D /* CoreBluetooth.framework */ = {isa = PBXFileReference; lastKnownFileType = wrapper.framework; name = CoreBluetooth.framework; path = System/Library/Frameworks/CoreBluetooth.framework; sourceTree = SDKROOT; };
		14E88A431E26C62C009F37F8 /* StrappModel.swift */ = {isa = PBXFileReference; fileEncoding = 4; lastKnownFileType = sourcecode.swift; path = StrappModel.swift; sourceTree = "<group>"; };
		14E88A451E26CD14009F37F8 /* TileFabric.swift */ = {isa = PBXFileReference; fileEncoding = 4; lastKnownFileType = sourcecode.swift; path = TileFabric.swift; sourceTree = "<group>"; };
		1CFCDA7F9FC9C2FAB59551B3 /* libPods-ClearMyBand.a */ = {isa = PBXFileReference; explicitFileType = archive.ar; includeInIndex = 0; path = "libPods-ClearMyBand.a"; sourceTree = BUILT_PRODUCTS_DIR; };
		E66424B6B2F9D82744F7D310 /* Pods-ClearMyBand.debug.xcconfig */ = {isa = PBXFileReference; includeInIndex = 1; lastKnownFileType = text.xcconfig; name = "Pods-ClearMyBand.debug.xcconfig"; path = "Pods/Target Support Files/Pods-ClearMyBand/Pods-ClearMyBand.debug.xcconfig"; sourceTree = "<group>"; };
		ED7DA05D64A72F6A3B02873F /* Pods-ClearMyBand.release.xcconfig */ = {isa = PBXFileReference; includeInIndex = 1; lastKnownFileType = text.xcconfig; name = "Pods-ClearMyBand.release.xcconfig"; path = "Pods/Target Support Files/Pods-ClearMyBand/Pods-ClearMyBand.release.xcconfig"; sourceTree = "<group>"; };
/* End PBXFileReference section */

/* Begin PBXFrameworksBuildPhase section */
		14A2C9701E24D3BD0079304D /* Frameworks */ = {
			isa = PBXFrameworksBuildPhase;
			buildActionMask = 2147483647;
			files = (
				14A2C98D1E24D4920079304D /* CoreBluetooth.framework in Frameworks */,
				14A2C98A1E24D3F30079304D /* MicrosoftBandKit_iOS.framework in Frameworks */,
			);
			runOnlyForDeploymentPostprocessing = 0;
		};
/* End PBXFrameworksBuildPhase section */

/* Begin PBXGroup section */
		14A2C96A1E24D3BD0079304D = {
			isa = PBXGroup;
			children = (
				14A2C9751E24D3BD0079304D /* MeasureMyTemperature */,
				14A2C9741E24D3BD0079304D /* Products */,
				14A2C98B1E24D4920079304D /* Frameworks */,
				9487960C704D89C1369CE161 /* Pods */,
			);
			sourceTree = "<group>";
		};
		14A2C9741E24D3BD0079304D /* Products */ = {
			isa = PBXGroup;
			children = (
				14A2C9731E24D3BD0079304D /* MeasureMyTemperature.app */,
			);
			name = Products;
			sourceTree = "<group>";
		};
		14A2C9751E24D3BD0079304D /* MeasureMyTemperature */ = {
			isa = PBXGroup;
			children = (
				14A2C9881E24D3F30079304D /* ThirdParty */,
				14A2C9761E24D3BD0079304D /* AppDelegate.swift */,
				14A2C9781E24D3BD0079304D /* ViewController.swift */,
				14A2C97A1E24D3BD0079304D /* Main.storyboard */,
				14A2C97D1E24D3BD0079304D /* Assets.xcassets */,
				14A2C97F1E24D3BD0079304D /* LaunchScreen.storyboard */,
				14A2C9821E24D3BD0079304D /* Info.plist */,
				14122A1A1E250B3400D5C5C5 /* BridgingHeader.h */,
				14122A1B1E251EB700D5C5C5 /* StrapTableViewCell.swift */,
				14E88A431E26C62C009F37F8 /* StrappModel.swift */,
				14E88A451E26CD14009F37F8 /* TileFabric.swift */,
			);
			path = MeasureMyTemperature;
			sourceTree = "<group>";
		};
		14A2C9881E24D3F30079304D /* ThirdParty */ = {
			isa = PBXGroup;
			children = (
				14A2C9891E24D3F30079304D /* MicrosoftBandKit_iOS.framework */,
			);
			path = ThirdParty;
			sourceTree = "<group>";
		};
		14A2C98B1E24D4920079304D /* Frameworks */ = {
			isa = PBXGroup;
			children = (
				14A2C98C1E24D4920079304D /* CoreBluetooth.framework */,
				1CFCDA7F9FC9C2FAB59551B3 /* libPods-ClearMyBand.a */,
			);
			name = Frameworks;
			sourceTree = "<group>";
		};
		9487960C704D89C1369CE161 /* Pods */ = {
			isa = PBXGroup;
			children = (
				E66424B6B2F9D82744F7D310 /* Pods-ClearMyBand.debug.xcconfig */,
				ED7DA05D64A72F6A3B02873F /* Pods-ClearMyBand.release.xcconfig */,
			);
			name = Pods;
			sourceTree = "<group>";
		};
/* End PBXGroup section */

/* Begin PBXNativeTarget section */
		14A2C9721E24D3BD0079304D /* MeasureMyTemperature */ = {
			isa = PBXNativeTarget;
			buildConfigurationList = 14A2C9851E24D3BD0079304D /* Build configuration list for PBXNativeTarget "MeasureMyTemperature" */;
			buildPhases = (
				14A2C96F1E24D3BD0079304D /* Sources */,
				14A2C9701E24D3BD0079304D /* Frameworks */,
				14A2C9711E24D3BD0079304D /* Resources */,
			);
			buildRules = (
			);
			dependencies = (
			);
			name = MeasureMyTemperature;
			productName = ClearMyBand;
			productReference = 14A2C9731E24D3BD0079304D /* MeasureMyTemperature.app */;
			productType = "com.apple.product-type.application";
		};
/* End PBXNativeTarget section */

/* Begin PBXProject section */
		14A2C96B1E24D3BD0079304D /* Project object */ = {
			isa = PBXProject;
			attributes = {
				LastSwiftUpdateCheck = 0820;
				LastUpgradeCheck = 0820;
				ORGANIZATIONNAME = Sokolchenko;
				TargetAttributes = {
					14A2C9721E24D3BD0079304D = {
						CreatedOnToolsVersion = 8.2;
						DevelopmentTeam = 77JDVA6Z54;
						ProvisioningStyle = Automatic;
						SystemCapabilities = {
							com.apple.BackgroundModes = {
								enabled = 1;
							};
						};
					};
				};
			};
			buildConfigurationList = 14A2C96E1E24D3BD0079304D /* Build configuration list for PBXProject "MeasureMyTemperature" */;
			compatibilityVersion = "Xcode 3.2";
			developmentRegion = English;
			hasScannedForEncodings = 0;
			knownRegions = (
				en,
				Base,
			);
			mainGroup = 14A2C96A1E24D3BD0079304D;
			productRefGroup = 14A2C9741E24D3BD0079304D /* Products */;
			projectDirPath = "";
			projectRoot = "";
			targets = (
				14A2C9721E24D3BD0079304D /* MeasureMyTemperature */,
			);
		};
/* End PBXProject section */

/* Begin PBXResourcesBuildPhase section */
		14A2C9711E24D3BD0079304D /* Resources */ = {
			isa = PBXResourcesBuildPhase;
			buildActionMask = 2147483647;
			files = (
				14A2C9811E24D3BD0079304D /* LaunchScreen.storyboard in Resources */,
				14A2C97E1E24D3BD0079304D /* Assets.xcassets in Resources */,
				14A2C97C1E24D3BD0079304D /* Main.storyboard in Resources */,
			);
			runOnlyForDeploymentPostprocessing = 0;
		};
/* End PBXResourcesBuildPhase section */

/* Begin PBXSourcesBuildPhase section */
		14A2C96F1E24D3BD0079304D /* Sources */ = {
			isa = PBXSourcesBuildPhase;
			buildActionMask = 2147483647;
			files = (
				14122A1C1E251EB700D5C5C5 /* StrapTableViewCell.swift in Sources */,
				14A2C9791E24D3BD0079304D /* ViewController.swift in Sources */,
				14E88A461E26CD14009F37F8 /* TileFabric.swift in Sources */,
				14A2C9771E24D3BD0079304D /* AppDelegate.swift in Sources */,
				14E88A441E26C62C009F37F8 /* StrappModel.swift in Sources */,
			);
			runOnlyForDeploymentPostprocessing = 0;
		};
/* End PBXSourcesBuildPhase section */

/* Begin PBXVariantGroup section */
		14A2C97A1E24D3BD0079304D /* Main.storyboard */ = {
			isa = PBXVariantGroup;
			children = (
				14A2C97B1E24D3BD0079304D /* Base */,
			);
			name = Main.storyboard;
			sourceTree = "<group>";
		};
		14A2C97F1E24D3BD0079304D /* LaunchScreen.storyboard */ = {
			isa = PBXVariantGroup;
			children = (
				14A2C9801E24D3BD0079304D /* Base */,
			);
			name = LaunchScreen.storyboard;
			sourceTree = "<group>";
		};
/* End PBXVariantGroup section */

/* Begin XCBuildConfiguration section */
		14A2C9831E24D3BD0079304D /* Debug */ = {
			isa = XCBuildConfiguration;
			buildSettings = {
				ALWAYS_SEARCH_USER_PATHS = NO;
				CLANG_ANALYZER_NONNULL = YES;
				CLANG_CXX_LANGUAGE_STANDARD = "gnu++0x";
				CLANG_CXX_LIBRARY = "libc++";
				CLANG_ENABLE_MODULES = YES;
				CLANG_ENABLE_OBJC_ARC = YES;
				CLANG_WARN_BOOL_CONVERSION = YES;
				CLANG_WARN_CONSTANT_CONVERSION = YES;
				CLANG_WARN_DIRECT_OBJC_ISA_USAGE = YES_ERROR;
				CLANG_WARN_DOCUMENTATION_COMMENTS = YES;
				CLANG_WARN_EMPTY_BODY = YES;
				CLANG_WARN_ENUM_CONVERSION = YES;
				CLANG_WARN_INFINITE_RECURSION = YES;
				CLANG_WARN_INT_CONVERSION = YES;
				CLANG_WARN_OBJC_ROOT_CLASS = YES_ERROR;
				CLANG_WARN_SUSPICIOUS_MOVE = YES;
				CLANG_WARN_UNREACHABLE_CODE = YES;
				CLANG_WARN__DUPLICATE_METHOD_MATCH = YES;
				"CODE_SIGN_IDENTITY[sdk=iphoneos*]" = "iPhone Developer";
				COPY_PHASE_STRIP = NO;
				DEBUG_INFORMATION_FORMAT = dwarf;
				ENABLE_STRICT_OBJC_MSGSEND = YES;
				ENABLE_TESTABILITY = YES;
				GCC_C_LANGUAGE_STANDARD = gnu99;
				GCC_DYNAMIC_NO_PIC = NO;
				GCC_NO_COMMON_BLOCKS = YES;
				GCC_OPTIMIZATION_LEVEL = 0;
				GCC_PREPROCESSOR_DEFINITIONS = (
					"DEBUG=1",
					"$(inherited)",
				);
				GCC_WARN_64_TO_32_BIT_CONVERSION = YES;
				GCC_WARN_ABOUT_RETURN_TYPE = YES_ERROR;
				GCC_WARN_UNDECLARED_SELECTOR = YES;
				GCC_WARN_UNINITIALIZED_AUTOS = YES_AGGRESSIVE;
				GCC_WARN_UNUSED_FUNCTION = YES;
				GCC_WARN_UNUSED_VARIABLE = YES;
				IPHONEOS_DEPLOYMENT_TARGET = 10.2;
				MTL_ENABLE_DEBUG_INFO = YES;
				ONLY_ACTIVE_ARCH = YES;
				SDKROOT = iphoneos;
				SWIFT_ACTIVE_COMPILATION_CONDITIONS = DEBUG;
				SWIFT_OPTIMIZATION_LEVEL = "-Onone";
			};
			name = Debug;
		};
		14A2C9841E24D3BD0079304D /* Release */ = {
			isa = XCBuildConfiguration;
			buildSettings = {
				ALWAYS_SEARCH_USER_PATHS = NO;
				CLANG_ANALYZER_NONNULL = YES;
				CLANG_CXX_LANGUAGE_STANDARD = "gnu++0x";
				CLANG_CXX_LIBRARY = "libc++";
				CLANG_ENABLE_MODULES = YES;
				CLANG_ENABLE_OBJC_ARC = YES;
				CLANG_WARN_BOOL_CONVERSION = YES;
				CLANG_WARN_CONSTANT_CONVERSION = YES;
				CLANG_WARN_DIRECT_OBJC_ISA_USAGE = YES_ERROR;
				CLANG_WARN_DOCUMENTATION_COMMENTS = YES;
				CLANG_WARN_EMPTY_BODY = YES;
				CLANG_WARN_ENUM_CONVERSION = YES;
				CLANG_WARN_INFINITE_RECURSION = YES;
				CLANG_WARN_INT_CONVERSION = YES;
				CLANG_WARN_OBJC_ROOT_CLASS = YES_ERROR;
				CLANG_WARN_SUSPICIOUS_MOVE = YES;
				CLANG_WARN_UNREACHABLE_CODE = YES;
				CLANG_WARN__DUPLICATE_METHOD_MATCH = YES;
				"CODE_SIGN_IDENTITY[sdk=iphoneos*]" = "iPhone Developer";
				COPY_PHASE_STRIP = NO;
				DEBUG_INFORMATION_FORMAT = "dwarf-with-dsym";
				ENABLE_NS_ASSERTIONS = NO;
				ENABLE_STRICT_OBJC_MSGSEND = YES;
				GCC_C_LANGUAGE_STANDARD = gnu99;
				GCC_NO_COMMON_BLOCKS = YES;
				GCC_WARN_64_TO_32_BIT_CONVERSION = YES;
				GCC_WARN_ABOUT_RETURN_TYPE = YES_ERROR;
				GCC_WARN_UNDECLARED_SELECTOR = YES;
				GCC_WARN_UNINITIALIZED_AUTOS = YES_AGGRESSIVE;
				GCC_WARN_UNUSED_FUNCTION = YES;
				GCC_WARN_UNUSED_VARIABLE = YES;
				IPHONEOS_DEPLOYMENT_TARGET = 10.2;
				MTL_ENABLE_DEBUG_INFO = NO;
				SDKROOT = iphoneos;
				SWIFT_OPTIMIZATION_LEVEL = "-Owholemodule";
				VALIDATE_PRODUCT = YES;
			};
			name = Release;
		};
		14A2C9861E24D3BD0079304D /* Debug */ = {
			isa = XCBuildConfiguration;
			baseConfigurationReference = E66424B6B2F9D82744F7D310 /* Pods-ClearMyBand.debug.xcconfig */;
			buildSettings = {
				ASSETCATALOG_COMPILER_APPICON_NAME = AppIcon;
				DEVELOPMENT_TEAM = 77JDVA6Z54;
				FRAMEWORK_SEARCH_PATHS = (
					"$(inherited)",
					"$(PROJECT_DIR)/MeasureMyTemperature/ThirdParty",
				);
				INFOPLIST_FILE = MeasureMyTemperature/Info.plist;
				IPHONEOS_DEPLOYMENT_TARGET = 9.0;
				LD_RUNPATH_SEARCH_PATHS = "$(inherited) @executable_path/Frameworks";
				PRODUCT_BUNDLE_IDENTIFIER = Sokolchenko.MeasureMyTemperature;
				PRODUCT_NAME = "$(TARGET_NAME)";
				SWIFT_OBJC_BRIDGING_HEADER = "$(PROJECT_DIR)/$(PROJECT_NAME)/BridgingHeader.h";
				SWIFT_VERSION = 3.0;
			};
			name = Debug;
		};
		14A2C9871E24D3BD0079304D /* Release */ = {
			isa = XCBuildConfiguration;
			baseConfigurationReference = ED7DA05D64A72F6A3B02873F /* Pods-ClearMyBand.release.xcconfig */;
			buildSettings = {
				ASSETCATALOG_COMPILER_APPICON_NAME = AppIcon;
				DEVELOPMENT_TEAM = 77JDVA6Z54;
				FRAMEWORK_SEARCH_PATHS = (
					"$(inherited)",
					"$(PROJECT_DIR)/MeasureMyTemperature/ThirdParty",
				);
				INFOPLIST_FILE = MeasureMyTemperature/Info.plist;
				IPHONEOS_DEPLOYMENT_TARGET = 9.0;
				LD_RUNPATH_SEARCH_PATHS = "$(inherited) @executable_path/Frameworks";
				PRODUCT_BUNDLE_IDENTIFIER = Sokolchenko.MeasureMyTemperature;
				PRODUCT_NAME = "$(TARGET_NAME)";
				SWIFT_OBJC_BRIDGING_HEADER = "$(PROJECT_DIR)/$(PROJECT_NAME)/BridgingHeader.h";
				SWIFT_VERSION = 3.0;
			};
			name = Release;
		};
/* End XCBuildConfiguration section */

/* Begin XCConfigurationList section */
		14A2C96E1E24D3BD0079304D /* Build configuration list for PBXProject "MeasureMyTemperature" */ = {
			isa = XCConfigurationList;
			buildConfigurations = (
				14A2C9831E24D3BD0079304D /* Debug */,
				14A2C9841E24D3BD0079304D /* Release */,
			);
			defaultConfigurationIsVisible = 0;
			defaultConfigurationName = Release;
		};
		14A2C9851E24D3BD0079304D /* Build configuration list for PBXNativeTarget "MeasureMyTemperature" */ = {
			isa = XCConfigurationList;
			buildConfigurations = (
				14A2C9861E24D3BD0079304D /* Debug */,
				14A2C9871E24D3BD0079304D /* Release */,
			);
			defaultConfigurationIsVisible = 0;
			defaultConfigurationName = Release;
		};
/* End XCConfigurationList section */
	};
	rootObject = 14A2C96B1E24D3BD0079304D /* Project object */;
}
